
Microsoft Visual Studio Solution File, Format Version 12.00
# Visual Studio 15
VisualStudioVersion = 15.0.26730.12
MinimumVisualStudioVersion = 10.0.40219.1
Project("{FAE04EC0-301F-11D3-BF4B-00C04F79EFBC}") = "AbstractShopModel", "AbstractShopModel\AbstractShopModel.csproj", "{5EDCFAFA-0F3A-4810-8489-4D221A86AD1E}"
EndProject
Project("{FAE04EC0-301F-11D3-BF4B-00C04F79EFBC}") = "AbstractShopServiceDAL", "AbstractShopServiceDAL\AbstractShopServiceDAL.csproj", "{DADBA555-30F7-45F7-8EB9-D2493D2F4955}"
EndProject
Project("{FAE04EC0-301F-11D3-BF4B-00C04F79EFBC}") = "AbstractShopServiceImplementList", "AbstractShopServiceImplementList\AbstractShopServiceImplementList.csproj", "{DABA8D88-736F-4D3F-9ED3-7D9C3692A542}"
EndProject
Global
	GlobalSection(SolutionConfigurationPlatforms) = preSolution
		Debug|Any CPU = Debug|Any CPU
		Release|Any CPU = Release|Any CPU
	EndGlobalSection
	GlobalSection(ProjectConfigurationPlatforms) = postSolution
		{5EDCFAFA-0F3A-4810-8489-4D221A86AD1E}.Debug|Any CPU.ActiveCfg = Debug|Any CPU
		{5EDCFAFA-0F3A-4810-8489-4D221A86AD1E}.Debug|Any CPU.Build.0 = Debug|Any CPU
		{5EDCFAFA-0F3A-4810-8489-4D221A86AD1E}.Release|Any CPU.ActiveCfg = Release|Any CPU
		{5EDCFAFA-0F3A-4810-8489-4D221A86AD1E}.Release|Any CPU.Build.0 = Release|Any CPU
		{DADBA555-30F7-45F7-8EB9-D2493D2F4955}.Debug|Any CPU.ActiveCfg = Debug|Any CPU
		{DADBA555-30F7-45F7-8EB9-D2493D2F4955}.Debug|Any CPU.Build.0 = Debug|Any CPU
		{DADBA555-30F7-45F7-8EB9-D2493D2F4955}.Release|Any CPU.ActiveCfg = Release|Any CPU
		{DADBA555-30F7-45F7-8EB9-D2493D2F4955}.Release|Any CPU.Build.0 = Release|Any CPU
		{DABA8D88-736F-4D3F-9ED3-7D9C3692A542}.Debug|Any CPU.ActiveCfg = Debug|Any CPU
		{DABA8D88-736F-4D3F-9ED3-7D9C3692A542}.Debug|Any CPU.Build.0 = Debug|Any CPU
		{DABA8D88-736F-4D3F-9ED3-7D9C3692A542}.Release|Any CPU.ActiveCfg = Release|Any CPU
		{DABA8D88-736F-4D3F-9ED3-7D9C3692A542}.Release|Any CPU.Build.0 = Release|Any CPU
	EndGlobalSection
	GlobalSection(SolutionProperties) = preSolution
		HideSolutionNode = FALSE
	EndGlobalSection
	GlobalSection(ExtensibilityGlobals) = postSolution
		SolutionGuid = {C7344E45-DFE1-4A0B-8AD5-43A6C7CCEAD4}
	EndGlobalSection
EndGlobal
